
Microsoft Visual Studio Solution File, Format Version 12.00
# Visual Studio Version 17
VisualStudioVersion = 17.9.34607.119
MinimumVisualStudioVersion = 10.0.40219.1
Project("{FAE04EC0-301F-11D3-BF4B-00C04F79EFBC}") = "RadzenDataGridRowEditorExample", "RadzenDataGridRowEditorExample\RadzenDataGridRowEditorExample.csproj", "{4FA667E6-CF88-42BD-8FB4-C21466053A9D}"
EndProject
Global
	GlobalSection(SolutionConfigurationPlatforms) = preSolution
		Debug|Any CPU = Debug|Any CPU
		Release|Any CPU = Release|Any CPU
	EndGlobalSection
	GlobalSection(ProjectConfigurationPlatforms) = postSolution
		{4FA667E6-CF88-42BD-8FB4-C21466053A9D}.Debug|Any CPU.ActiveCfg = Debug|Any CPU
		{4FA667E6-CF88-42BD-8FB4-C21466053A9D}.Debug|Any CPU.Build.0 = Debug|Any CPU
		{4FA667E6-CF88-42BD-8FB4-C21466053A9D}.Release|Any CPU.ActiveCfg = Release|Any CPU
		{4FA667E6-CF88-42BD-8FB4-C21466053A9D}.Release|Any CPU.Build.0 = Release|Any CPU
	EndGlobalSection
	GlobalSection(SolutionProperties) = preSolution
		HideSolutionNode = FALSE
	EndGlobalSection
	GlobalSection(ExtensibilityGlobals) = postSolution
		SolutionGuid = {8D137AFE-993B-4B93-A8E6-5980F63DAA02}
	EndGlobalSection
EndGlobal
